// !$*UTF8*$!
{
	archiveVersion = 1;
	classes = {
	};
	objectVersion = 55;
	objects = {

/* Begin PBXBuildFile section */
		7F4A32102877FA0D00BAC75C /* TimerView.swift in Sources */ = {isa = PBXBuildFile; fileRef = 7F4A320F2877FA0D00BAC75C /* TimerView.swift */; };
		7F4A3212287809E000BAC75C /* TimerViewModel.swift in Sources */ = {isa = PBXBuildFile; fileRef = 7F4A3211287809E000BAC75C /* TimerViewModel.swift */; };
		7F4A321428780CAE00BAC75C /* soundPlayer.swift in Sources */ = {isa = PBXBuildFile; fileRef = 7F4A321328780CAE00BAC75C /* soundPlayer.swift */; };
		7F4A321628780FF900BAC75C /* SettingView.swift in Sources */ = {isa = PBXBuildFile; fileRef = 7F4A321528780FF900BAC75C /* SettingView.swift */; };
		7F4A3225287D7B7100BAC75C /* SafariView.swift in Sources */ = {isa = PBXBuildFile; fileRef = 7F4A3224287D7B7100BAC75C /* SafariView.swift */; };
		7F9FB6DD28730D2500BD28B4 /* I_mSorry0147App.swift in Sources */ = {isa = PBXBuildFile; fileRef = 7F9FB6DC28730D2500BD28B4 /* I_mSorry0147App.swift */; };
		7F9FB6DF28730D2500BD28B4 /* ContentView.swift in Sources */ = {isa = PBXBuildFile; fileRef = 7F9FB6DE28730D2500BD28B4 /* ContentView.swift */; };
		7F9FB6E128730D2800BD28B4 /* Assets.xcassets in Resources */ = {isa = PBXBuildFile; fileRef = 7F9FB6E028730D2800BD28B4 /* Assets.xcassets */; };
		7F9FB6E428730D2800BD28B4 /* Preview Assets.xcassets in Resources */ = {isa = PBXBuildFile; fileRef = 7F9FB6E328730D2800BD28B4 /* Preview Assets.xcassets */; };
		7F9FB6EB28730DEA00BD28B4 /* JankenView.swift in Sources */ = {isa = PBXBuildFile; fileRef = 7F9FB6EA28730DEA00BD28B4 /* JankenView.swift */; };
		7F9FB6ED28730DFF00BD28B4 /* JankenViewModel.swift in Sources */ = {isa = PBXBuildFile; fileRef = 7F9FB6EC28730DFF00BD28B4 /* JankenViewModel.swift */; };
		7F9FB6F028730E9E00BD28B4 /* SountPlayer.swift in Sources */ = {isa = PBXBuildFile; fileRef = 7F9FB6EF28730E9E00BD28B4 /* SountPlayer.swift */; };
/* End PBXBuildFile section */

/* Begin PBXFileReference section */
		7F4A320F2877FA0D00BAC75C /* TimerView.swift */ = {isa = PBXFileReference; lastKnownFileType = sourcecode.swift; path = TimerView.swift; sourceTree = "<group>"; };
		7F4A3211287809E000BAC75C /* TimerViewModel.swift */ = {isa = PBXFileReference; lastKnownFileType = sourcecode.swift; path = TimerViewModel.swift; sourceTree = "<group>"; };
		7F4A321328780CAE00BAC75C /* soundPlayer.swift */ = {isa = PBXFileReference; lastKnownFileType = sourcecode.swift; path = soundPlayer.swift; sourceTree = "<group>"; };
		7F4A321528780FF900BAC75C /* SettingView.swift */ = {isa = PBXFileReference; lastKnownFileType = sourcecode.swift; path = SettingView.swift; sourceTree = "<group>"; };
		7F4A3224287D7B7100BAC75C /* SafariView.swift */ = {isa = PBXFileReference; lastKnownFileType = sourcecode.swift; path = SafariView.swift; sourceTree = "<group>"; };
		7F9FB6D928730D2500BD28B4 /* I`mSorry0147.app */ = {isa = PBXFileReference; explicitFileType = wrapper.application; includeInIndex = 0; path = "I`mSorry0147.app"; sourceTree = BUILT_PRODUCTS_DIR; };
		7F9FB6DC28730D2500BD28B4 /* I_mSorry0147App.swift */ = {isa = PBXFileReference; lastKnownFileType = sourcecode.swift; path = I_mSorry0147App.swift; sourceTree = "<group>"; };
		7F9FB6DE28730D2500BD28B4 /* ContentView.swift */ = {isa = PBXFileReference; lastKnownFileType = sourcecode.swift; path = ContentView.swift; sourceTree = "<group>"; };
		7F9FB6E028730D2800BD28B4 /* Assets.xcassets */ = {isa = PBXFileReference; lastKnownFileType = folder.assetcatalog; path = Assets.xcassets; sourceTree = "<group>"; };
		7F9FB6E328730D2800BD28B4 /* Preview Assets.xcassets */ = {isa = PBXFileReference; lastKnownFileType = folder.assetcatalog; path = "Preview Assets.xcassets"; sourceTree = "<group>"; };
		7F9FB6EA28730DEA00BD28B4 /* JankenView.swift */ = {isa = PBXFileReference; lastKnownFileType = sourcecode.swift; path = JankenView.swift; sourceTree = "<group>"; };
		7F9FB6EC28730DFF00BD28B4 /* JankenViewModel.swift */ = {isa = PBXFileReference; lastKnownFileType = sourcecode.swift; path = JankenViewModel.swift; sourceTree = "<group>"; };
		7F9FB6EF28730E9E00BD28B4 /* SountPlayer.swift */ = {isa = PBXFileReference; lastKnownFileType = sourcecode.swift; path = SountPlayer.swift; sourceTree = "<group>"; };
/* End PBXFileReference section */

/* Begin PBXFrameworksBuildPhase section */
		7F9FB6D628730D2500BD28B4 /* Frameworks */ = {
			isa = PBXFrameworksBuildPhase;
			buildActionMask = 2147483647;
			files = (
			);
			runOnlyForDeploymentPostprocessing = 0;
		};
/* End PBXFrameworksBuildPhase section */

/* Begin PBXGroup section */
		7F4A320E2877F9E500BAC75C /* Timer */ = {
			isa = PBXGroup;
			children = (
				7F4A320F2877FA0D00BAC75C /* TimerView.swift */,
				7F4A3211287809E000BAC75C /* TimerViewModel.swift */,
				7F4A321328780CAE00BAC75C /* soundPlayer.swift */,
				7F4A321528780FF900BAC75C /* SettingView.swift */,
			);
			path = Timer;
			sourceTree = "<group>";
		};
		7F9FB6D028730D2500BD28B4 = {
			isa = PBXGroup;
			children = (
				7F9FB6DB28730D2500BD28B4 /* I`mSorry0147 */,
				7F9FB6DA28730D2500BD28B4 /* Products */,
			);
			sourceTree = "<group>";
		};
		7F9FB6DA28730D2500BD28B4 /* Products */ = {
			isa = PBXGroup;
			children = (
				7F9FB6D928730D2500BD28B4 /* I`mSorry0147.app */,
			);
			name = Products;
			sourceTree = "<group>";
		};
		7F9FB6DB28730D2500BD28B4 /* I`mSorry0147 */ = {
			isa = PBXGroup;
			children = (
				7F9FB6DC28730D2500BD28B4 /* I_mSorry0147App.swift */,
				7F9FB6DE28730D2500BD28B4 /* ContentView.swift */,
				7F4A3224287D7B7100BAC75C /* SafariView.swift */,
				7F9FB6EE28730E0A00BD28B4 /* Janken */,
				7F4A320E2877F9E500BAC75C /* Timer */,
				7F9FB6E028730D2800BD28B4 /* Assets.xcassets */,
				7F9FB6E228730D2800BD28B4 /* Preview Content */,
			);
			path = "I`mSorry0147";
			sourceTree = "<group>";
		};
		7F9FB6E228730D2800BD28B4 /* Preview Content */ = {
			isa = PBXGroup;
			children = (
				7F9FB6E328730D2800BD28B4 /* Preview Assets.xcassets */,
			);
			path = "Preview Content";
			sourceTree = "<group>";
		};
		7F9FB6EE28730E0A00BD28B4 /* Janken */ = {
			isa = PBXGroup;
			children = (
				7F9FB6EA28730DEA00BD28B4 /* JankenView.swift */,
				7F9FB6EC28730DFF00BD28B4 /* JankenViewModel.swift */,
				7F9FB6EF28730E9E00BD28B4 /* SountPlayer.swift */,
			);
			path = Janken;
			sourceTree = "<group>";
		};
/* End PBXGroup section */

/* Begin PBXNativeTarget section */
		7F9FB6D828730D2500BD28B4 /* I`mSorry0147 */ = {
			isa = PBXNativeTarget;
			buildConfigurationList = 7F9FB6E728730D2800BD28B4 /* Build configuration list for PBXNativeTarget "I`mSorry0147" */;
			buildPhases = (
				7F9FB6D528730D2500BD28B4 /* Sources */,
				7F9FB6D628730D2500BD28B4 /* Frameworks */,
				7F9FB6D728730D2500BD28B4 /* Resources */,
			);
			buildRules = (
			);
			dependencies = (
			);
			name = "I`mSorry0147";
			productName = "I`mSorry0147";
			productReference = 7F9FB6D928730D2500BD28B4 /* I`mSorry0147.app */;
			productType = "com.apple.product-type.application";
		};
/* End PBXNativeTarget section */

/* Begin PBXProject section */
		7F9FB6D128730D2500BD28B4 /* Project object */ = {
			isa = PBXProject;
			attributes = {
				BuildIndependentTargetsInParallel = 1;
				LastSwiftUpdateCheck = 1340;
				LastUpgradeCheck = 1340;
				TargetAttributes = {
					7F9FB6D828730D2500BD28B4 = {
						CreatedOnToolsVersion = 13.4.1;
					};
				};
			};
			buildConfigurationList = 7F9FB6D428730D2500BD28B4 /* Build configuration list for PBXProject "I`mSorry0147" */;
			compatibilityVersion = "Xcode 13.0";
			developmentRegion = en;
			hasScannedForEncodings = 0;
			knownRegions = (
				en,
				Base,
			);
			mainGroup = 7F9FB6D028730D2500BD28B4;
			productRefGroup = 7F9FB6DA28730D2500BD28B4 /* Products */;
			projectDirPath = "";
			projectRoot = "";
			targets = (
				7F9FB6D828730D2500BD28B4 /* I`mSorry0147 */,
			);
		};
/* End PBXProject section */

/* Begin PBXResourcesBuildPhase section */
		7F9FB6D728730D2500BD28B4 /* Resources */ = {
			isa = PBXResourcesBuildPhase;
			buildActionMask = 2147483647;
			files = (
				7F9FB6E428730D2800BD28B4 /* Preview Assets.xcassets in Resources */,
				7F9FB6E128730D2800BD28B4 /* Assets.xcassets in Resources */,
			);
			runOnlyForDeploymentPostprocessing = 0;
		};
/* End PBXResourcesBuildPhase section */

/* Begin PBXSourcesBuildPhase section */
		7F9FB6D528730D2500BD28B4 /* Sources */ = {
			isa = PBXSourcesBuildPhase;
			buildActionMask = 2147483647;
			files = (
				7F9FB6DF28730D2500BD28B4 /* ContentView.swift in Sources */,
				7F9FB6DD28730D2500BD28B4 /* I_mSorry0147App.swift in Sources */,
				7F4A3212287809E000BAC75C /* TimerViewModel.swift in Sources */,
				7F9FB6F028730E9E00BD28B4 /* SountPlayer.swift in Sources */,
				7F4A3225287D7B7100BAC75C /* SafariView.swift in Sources */,
				7F4A321628780FF900BAC75C /* SettingView.swift in Sources */,
				7F9FB6EB28730DEA00BD28B4 /* JankenView.swift in Sources */,
				7F4A32102877FA0D00BAC75C /* TimerView.swift in Sources */,
				7F4A321428780CAE00BAC75C /* soundPlayer.swift in Sources */,
				7F9FB6ED28730DFF00BD28B4 /* JankenViewModel.swift in Sources */,
			);
			runOnlyForDeploymentPostprocessing = 0;
		};
/* End PBXSourcesBuildPhase section */

/* Begin XCBuildConfiguration section */
		7F9FB6E528730D2800BD28B4 /* Debug */ = {
			isa = XCBuildConfiguration;
			buildSettings = {
				ALWAYS_SEARCH_USER_PATHS = NO;
				CLANG_ANALYZER_NONNULL = YES;
				CLANG_ANALYZER_NUMBER_OBJECT_CONVERSION = YES_AGGRESSIVE;
				CLANG_CXX_LANGUAGE_STANDARD = "gnu++17";
				CLANG_ENABLE_MODULES = YES;
				CLANG_ENABLE_OBJC_ARC = YES;
				CLANG_ENABLE_OBJC_WEAK = YES;
				CLANG_WARN_BLOCK_CAPTURE_AUTORELEASING = YES;
				CLANG_WARN_BOOL_CONVERSION = YES;
				CLANG_WARN_COMMA = YES;
				CLANG_WARN_CONSTANT_CONVERSION = YES;
				CLANG_WARN_DEPRECATED_OBJC_IMPLEMENTATIONS = YES;
				CLANG_WARN_DIRECT_OBJC_ISA_USAGE = YES_ERROR;
				CLANG_WARN_DOCUMENTATION_COMMENTS = YES;
				CLANG_WARN_EMPTY_BODY = YES;
				CLANG_WARN_ENUM_CONVERSION = YES;
				CLANG_WARN_INFINITE_RECURSION = YES;
				CLANG_WARN_INT_CONVERSION = YES;
				CLANG_WARN_NON_LITERAL_NULL_CONVERSION = YES;
				CLANG_WARN_OBJC_IMPLICIT_RETAIN_SELF = YES;
				CLANG_WARN_OBJC_LITERAL_CONVERSION = YES;
				CLANG_WARN_OBJC_ROOT_CLASS = YES_ERROR;
				CLANG_WARN_QUOTED_INCLUDE_IN_FRAMEWORK_HEADER = YES;
				CLANG_WARN_RANGE_LOOP_ANALYSIS = YES;
				CLANG_WARN_STRICT_PROTOTYPES = YES;
				CLANG_WARN_SUSPICIOUS_MOVE = YES;
				CLANG_WARN_UNGUARDED_AVAILABILITY = YES_AGGRESSIVE;
				CLANG_WARN_UNREACHABLE_CODE = YES;
				CLANG_WARN__DUPLICATE_METHOD_MATCH = YES;
				COPY_PHASE_STRIP = NO;
				DEBUG_INFORMATION_FORMAT = dwarf;
				ENABLE_STRICT_OBJC_MSGSEND = YES;
				ENABLE_TESTABILITY = YES;
				GCC_C_LANGUAGE_STANDARD = gnu11;
				GCC_DYNAMIC_NO_PIC = NO;
				GCC_NO_COMMON_BLOCKS = YES;
				GCC_OPTIMIZATION_LEVEL = 0;
				GCC_PREPROCESSOR_DEFINITIONS = (
					"DEBUG=1",
					"$(inherited)",
				);
				GCC_WARN_64_TO_32_BIT_CONVERSION = YES;
				GCC_WARN_ABOUT_RETURN_TYPE = YES_ERROR;
				GCC_WARN_UNDECLARED_SELECTOR = YES;
				GCC_WARN_UNINITIALIZED_AUTOS = YES_AGGRESSIVE;
				GCC_WARN_UNUSED_FUNCTION = YES;
				GCC_WARN_UNUSED_VARIABLE = YES;
				IPHONEOS_DEPLOYMENT_TARGET = 15.5;
				MTL_ENABLE_DEBUG_INFO = INCLUDE_SOURCE;
				MTL_FAST_MATH = YES;
				ONLY_ACTIVE_ARCH = YES;
				SDKROOT = iphoneos;
				SWIFT_ACTIVE_COMPILATION_CONDITIONS = DEBUG;
				SWIFT_OPTIMIZATION_LEVEL = "-Onone";
			};
			name = Debug;
		};
		7F9FB6E628730D2800BD28B4 /* Release */ = {
			isa = XCBuildConfiguration;
			buildSettings = {
				ALWAYS_SEARCH_USER_PATHS = NO;
				CLANG_ANALYZER_NONNULL = YES;
				CLANG_ANALYZER_NUMBER_OBJECT_CONVERSION = YES_AGGRESSIVE;
				CLANG_CXX_LANGUAGE_STANDARD = "gnu++17";
				CLANG_ENABLE_MODULES = YES;
				CLANG_ENABLE_OBJC_ARC = YES;
				CLANG_ENABLE_OBJC_WEAK = YES;
				CLANG_WARN_BLOCK_CAPTURE_AUTORELEASING = YES;
				CLANG_WARN_BOOL_CONVERSION = YES;
				CLANG_WARN_COMMA = YES;
				CLANG_WARN_CONSTANT_CONVERSION = YES;
				CLANG_WARN_DEPRECATED_OBJC_IMPLEMENTATIONS = YES;
				CLANG_WARN_DIRECT_OBJC_ISA_USAGE = YES_ERROR;
				CLANG_WARN_DOCUMENTATION_COMMENTS = YES;
				CLANG_WARN_EMPTY_BODY = YES;
				CLANG_WARN_ENUM_CONVERSION = YES;
				CLANG_WARN_INFINITE_RECURSION = YES;
				CLANG_WARN_INT_CONVERSION = YES;
				CLANG_WARN_NON_LITERAL_NULL_CONVERSION = YES;
				CLANG_WARN_OBJC_IMPLICIT_RETAIN_SELF = YES;
				CLANG_WARN_OBJC_LITERAL_CONVERSION = YES;
				CLANG_WARN_OBJC_ROOT_CLASS = YES_ERROR;
				CLANG_WARN_QUOTED_INCLUDE_IN_FRAMEWORK_HEADER = YES;
				CLANG_WARN_RANGE_LOOP_ANALYSIS = YES;
				CLANG_WARN_STRICT_PROTOTYPES = YES;
				CLANG_WARN_SUSPICIOUS_MOVE = YES;
				CLANG_WARN_UNGUARDED_AVAILABILITY = YES_AGGRESSIVE;
				CLANG_WARN_UNREACHABLE_CODE = YES;
				CLANG_WARN__DUPLICATE_METHOD_MATCH = YES;
				COPY_PHASE_STRIP = NO;
				DEBUG_INFORMATION_FORMAT = "dwarf-with-dsym";
				ENABLE_NS_ASSERTIONS = NO;
				ENABLE_STRICT_OBJC_MSGSEND = YES;
				GCC_C_LANGUAGE_STANDARD = gnu11;
				GCC_NO_COMMON_BLOCKS = YES;
				GCC_WARN_64_TO_32_BIT_CONVERSION = YES;
				GCC_WARN_ABOUT_RETURN_TYPE = YES_ERROR;
				GCC_WARN_UNDECLARED_SELECTOR = YES;
				GCC_WARN_UNINITIALIZED_AUTOS = YES_AGGRESSIVE;
				GCC_WARN_UNUSED_FUNCTION = YES;
				GCC_WARN_UNUSED_VARIABLE = YES;
				IPHONEOS_DEPLOYMENT_TARGET = 15.5;
				MTL_ENABLE_DEBUG_INFO = NO;
				MTL_FAST_MATH = YES;
				SDKROOT = iphoneos;
				SWIFT_COMPILATION_MODE = wholemodule;
				SWIFT_OPTIMIZATION_LEVEL = "-O";
				VALIDATE_PRODUCT = YES;
			};
			name = Release;
		};
		7F9FB6E828730D2800BD28B4 /* Debug */ = {
			isa = XCBuildConfiguration;
			buildSettings = {
				ASSETCATALOG_COMPILER_APPICON_NAME = AppIcon;
				ASSETCATALOG_COMPILER_GLOBAL_ACCENT_COLOR_NAME = AccentColor;
				CODE_SIGN_STYLE = Automatic;
				CURRENT_PROJECT_VERSION = 1;
				DEVELOPMENT_ASSET_PATHS = "\"I`mSorry0147/Preview Content\"";
				DEVELOPMENT_TEAM = 3U2Y7VW488;
				ENABLE_PREVIEWS = YES;
				GENERATE_INFOPLIST_FILE = YES;
				INFOPLIST_KEY_UIApplicationSceneManifest_Generation = YES;
				INFOPLIST_KEY_UIApplicationSupportsIndirectInputEvents = YES;
				INFOPLIST_KEY_UILaunchScreen_Generation = YES;
				INFOPLIST_KEY_UISupportedInterfaceOrientations_iPad = "UIInterfaceOrientationPortrait UIInterfaceOrientationPortraitUpsideDown UIInterfaceOrientationLandscapeLeft UIInterfaceOrientationLandscapeRight";
				INFOPLIST_KEY_UISupportedInterfaceOrientations_iPhone = "UIInterfaceOrientationPortrait UIInterfaceOrientationLandscapeLeft UIInterfaceOrientationLandscapeRight";
				LD_RUNPATH_SEARCH_PATHS = (
					"$(inherited)",
					"@executable_path/Frameworks",
				);
				MARKETING_VERSION = 1.0;
				PRODUCT_BUNDLE_IDENTIFIER = "jp.ac.jec.21cm0147.I-mSorry0147";
				PRODUCT_NAME = "$(TARGET_NAME)";
				SWIFT_EMIT_LOC_STRINGS = YES;
				SWIFT_VERSION = 5.0;
				TARGETED_DEVICE_FAMILY = "1,2";
			};
			name = Debug;
		};
		7F9FB6E928730D2800BD28B4 /* Release */ = {
			isa = XCBuildConfiguration;
			buildSettings = {
				ASSETCATALOG_COMPILER_APPICON_NAME = AppIcon;
				ASSETCATALOG_COMPILER_GLOBAL_ACCENT_COLOR_NAME = AccentColor;
				CODE_SIGN_STYLE = Automatic;
				CURRENT_PROJECT_VERSION = 1;
				DEVELOPMENT_ASSET_PATHS = "\"I`mSorry0147/Preview Content\"";
				DEVELOPMENT_TEAM = 3U2Y7VW488;
				ENABLE_PREVIEWS = YES;
				GENERATE_INFOPLIST_FILE = YES;
				INFOPLIST_KEY_UIApplicationSceneManifest_Generation = YES;
				INFOPLIST_KEY_UIApplicationSupportsIndirectInputEvents = YES;
				INFOPLIST_KEY_UILaunchScreen_Generation = YES;
				INFOPLIST_KEY_UISupportedInterfaceOrientations_iPad = "UIInterfaceOrientationPortrait UIInterfaceOrientationPortraitUpsideDown UIInterfaceOrientationLandscapeLeft UIInterfaceOrientationLandscapeRight";
				INFOPLIST_KEY_UISupportedInterfaceOrientations_iPhone = "UIInterfaceOrientationPortrait UIInterfaceOrientationLandscapeLeft UIInterfaceOrientationLandscapeRight";
				LD_RUNPATH_SEARCH_PATHS = (
					"$(inherited)",
					"@executable_path/Frameworks",
				);
				MARKETING_VERSION = 1.0;
				PRODUCT_BUNDLE_IDENTIFIER = "jp.ac.jec.21cm0147.I-mSorry0147";
				PRODUCT_NAME = "$(TARGET_NAME)";
				SWIFT_EMIT_LOC_STRINGS = YES;
				SWIFT_VERSION = 5.0;
				TARGETED_DEVICE_FAMILY = "1,2";
			};
			name = Release;
		};
/* End XCBuildConfiguration section */

/* Begin XCConfigurationList section */
		7F9FB6D428730D2500BD28B4 /* Build configuration list for PBXProject "I`mSorry0147" */ = {
			isa = XCConfigurationList;
			buildConfigurations = (
				7F9FB6E528730D2800BD28B4 /* Debug */,
				7F9FB6E628730D2800BD28B4 /* Release */,
			);
			defaultConfigurationIsVisible = 0;
			defaultConfigurationName = Release;
		};
		7F9FB6E728730D2800BD28B4 /* Build configuration list for PBXNativeTarget "I`mSorry0147" */ = {
			isa = XCConfigurationList;
			buildConfigurations = (
				7F9FB6E828730D2800BD28B4 /* Debug */,
				7F9FB6E928730D2800BD28B4 /* Release */,
			);
			defaultConfigurationIsVisible = 0;
			defaultConfigurationName = Release;
		};
/* End XCConfigurationList section */
	};
	rootObject = 7F9FB6D128730D2500BD28B4 /* Project object */;
}
